
Microsoft Visual Studio Solution File, Format Version 12.00
# Visual Studio 15
VisualStudioVersion = 15.0.28010.2036
MinimumVisualStudioVersion = 10.0.40219.1
Project("{FAE04EC0-301F-11D3-BF4B-00C04F79EFBC}") = "MVCPractical", "MVCPractical\MVCPractical.csproj", "{5CE53642-EB39-4F78-BC92-9AB03BD3E0EB}"
EndProject
Global
	GlobalSection(SolutionConfigurationPlatforms) = preSolution
		Debug|Any CPU = Debug|Any CPU
		Release|Any CPU = Release|Any CPU
	EndGlobalSection
	GlobalSection(ProjectConfigurationPlatforms) = postSolution
		{5CE53642-EB39-4F78-BC92-9AB03BD3E0EB}.Debug|Any CPU.ActiveCfg = Debug|Any CPU
		{5CE53642-EB39-4F78-BC92-9AB03BD3E0EB}.Debug|Any CPU.Build.0 = Debug|Any CPU
		{5CE53642-EB39-4F78-BC92-9AB03BD3E0EB}.Release|Any CPU.ActiveCfg = Release|Any CPU
		{5CE53642-EB39-4F78-BC92-9AB03BD3E0EB}.Release|Any CPU.Build.0 = Release|Any CPU
	EndGlobalSection
	GlobalSection(SolutionProperties) = preSolution
		HideSolutionNode = FALSE
	EndGlobalSection
	GlobalSection(ExtensibilityGlobals) = postSolution
		SolutionGuid = {F2BA7003-103F-435C-8CCC-5F28E3B5C5C1}
	EndGlobalSection
EndGlobal
